
Microsoft Visual Studio Solution File, Format Version 12.00
# Visual Studio Version 17
VisualStudioVersion = 17.11.35327.3
MinimumVisualStudioVersion = 10.0.40219.1
Project("{FAE04EC0-301F-11D3-BF4B-00C04F79EFBC}") = "Practica2_XML", "Practica2_XML\Practica2_XML.csproj", "{B2E78F15-1DD7-4E1E-9054-B23CC9088426}"
EndProject
Global
	GlobalSection(SolutionConfigurationPlatforms) = preSolution
		Debug|Any CPU = Debug|Any CPU
		Release|Any CPU = Release|Any CPU
	EndGlobalSection
	GlobalSection(ProjectConfigurationPlatforms) = postSolution
		{B2E78F15-1DD7-4E1E-9054-B23CC9088426}.Debug|Any CPU.ActiveCfg = Debug|Any CPU
		{B2E78F15-1DD7-4E1E-9054-B23CC9088426}.Debug|Any CPU.Build.0 = Debug|Any CPU
		{B2E78F15-1DD7-4E1E-9054-B23CC9088426}.Release|Any CPU.ActiveCfg = Release|Any CPU
		{B2E78F15-1DD7-4E1E-9054-B23CC9088426}.Release|Any CPU.Build.0 = Release|Any CPU
	EndGlobalSection
	GlobalSection(SolutionProperties) = preSolution
		HideSolutionNode = FALSE
	EndGlobalSection
	GlobalSection(ExtensibilityGlobals) = postSolution
		SolutionGuid = {E2C18400-5357-4FF6-8C1E-E5870DD66E31}
	EndGlobalSection
EndGlobal
