
Microsoft Visual Studio Solution File, Format Version 12.00
# Visual Studio Version 17
VisualStudioVersion = 17.10.34928.147
MinimumVisualStudioVersion = 10.0.40219.1
Project("{FAE04EC0-301F-11D3-BF4B-00C04F79EFBC}") = "Practica4_API_Spotify", "Practica4_API_Spotify\Practica4_API_Spotify.csproj", "{90C1C55D-12A2-4FD4-B538-858DCA26B816}"
EndProject
Global
	GlobalSection(SolutionConfigurationPlatforms) = preSolution
		Debug|Any CPU = Debug|Any CPU
		Release|Any CPU = Release|Any CPU
	EndGlobalSection
	GlobalSection(ProjectConfigurationPlatforms) = postSolution
		{90C1C55D-12A2-4FD4-B538-858DCA26B816}.Debug|Any CPU.ActiveCfg = Debug|Any CPU
		{90C1C55D-12A2-4FD4-B538-858DCA26B816}.Debug|Any CPU.Build.0 = Debug|Any CPU
		{90C1C55D-12A2-4FD4-B538-858DCA26B816}.Release|Any CPU.ActiveCfg = Release|Any CPU
		{90C1C55D-12A2-4FD4-B538-858DCA26B816}.Release|Any CPU.Build.0 = Release|Any CPU
	EndGlobalSection
	GlobalSection(SolutionProperties) = preSolution
		HideSolutionNode = FALSE
	EndGlobalSection
	GlobalSection(ExtensibilityGlobals) = postSolution
		SolutionGuid = {7C7BE3F9-64CB-4ADE-9B74-D64C20FCBBC1}
	EndGlobalSection
EndGlobal
