
Microsoft Visual Studio Solution File, Format Version 12.00
# Visual Studio Version 17
VisualStudioVersion = 17.11.35327.3
MinimumVisualStudioVersion = 10.0.40219.1
Project("{FAE04EC0-301F-11D3-BF4B-00C04F79EFBC}") = "Login", "Login\Login.csproj", "{F882A9C5-86EE-4EBC-B15E-638517052E4F}"
EndProject
Global
	GlobalSection(SolutionConfigurationPlatforms) = preSolution
		Debug|Any CPU = Debug|Any CPU
		Release|Any CPU = Release|Any CPU
	EndGlobalSection
	GlobalSection(ProjectConfigurationPlatforms) = postSolution
		{F882A9C5-86EE-4EBC-B15E-638517052E4F}.Debug|Any CPU.ActiveCfg = Debug|Any CPU
		{F882A9C5-86EE-4EBC-B15E-638517052E4F}.Debug|Any CPU.Build.0 = Debug|Any CPU
		{F882A9C5-86EE-4EBC-B15E-638517052E4F}.Release|Any CPU.ActiveCfg = Release|Any CPU
		{F882A9C5-86EE-4EBC-B15E-638517052E4F}.Release|Any CPU.Build.0 = Release|Any CPU
	EndGlobalSection
	GlobalSection(SolutionProperties) = preSolution
		HideSolutionNode = FALSE
	EndGlobalSection
	GlobalSection(ExtensibilityGlobals) = postSolution
		SolutionGuid = {BCEA0ABC-E67C-4FDA-8683-A48801CBF3C2}
	EndGlobalSection
EndGlobal
